// !$*UTF8*$!
{
	archiveVersion = 1;
	classes = {
	};
	objectVersion = 56;
	objects = {

/* Begin PBXBuildFile section */
		BA93CD242D3409E400B13D62 /* MoviesSwiftUIApp.swift in Sources */ = {isa = PBXBuildFile; fileRef = BA93CD232D3409E400B13D62 /* MoviesSwiftUIApp.swift */; };
		BA93CD262D3409E400B13D62 /* ContentView.swift in Sources */ = {isa = PBXBuildFile; fileRef = BA93CD252D3409E400B13D62 /* ContentView.swift */; };
		BA93CD282D3409E600B13D62 /* Assets.xcassets in Resources */ = {isa = PBXBuildFile; fileRef = BA93CD272D3409E600B13D62 /* Assets.xcassets */; };
		BA93CD2B2D3409E600B13D62 /* Preview Assets.xcassets in Resources */ = {isa = PBXBuildFile; fileRef = BA93CD2A2D3409E600B13D62 /* Preview Assets.xcassets */; };
		BA93CD382D340A4300B13D62 /* Movie.swift in Sources */ = {isa = PBXBuildFile; fileRef = BA93CD372D340A4300B13D62 /* Movie.swift */; };
		BA93CD3A2D340A4E00B13D62 /* HTTPClient.swift in Sources */ = {isa = PBXBuildFile; fileRef = BA93CD392D340A4E00B13D62 /* HTTPClient.swift */; };
		BA93CD3D2D340D1F00B13D62 /* String+Extensions.swift in Sources */ = {isa = PBXBuildFile; fileRef = BA93CD3C2D340D1F00B13D62 /* String+Extensions.swift */; };
		BA93CD452D36F07C00B13D62 /* MoviesSwiftUITests.swift in Sources */ = {isa = PBXBuildFile; fileRef = BA93CD442D36F07C00B13D62 /* MoviesSwiftUITests.swift */; };
		BA93CD4B2D36F0CB00B13D62 /* HTTPClient.swift in Sources */ = {isa = PBXBuildFile; fileRef = BA93CD392D340A4E00B13D62 /* HTTPClient.swift */; };
		BA93CD4C2D36F0D100B13D62 /* Movie.swift in Sources */ = {isa = PBXBuildFile; fileRef = BA93CD372D340A4300B13D62 /* Movie.swift */; };
		BA93CD4D2D36F0D500B13D62 /* String+Extensions.swift in Sources */ = {isa = PBXBuildFile; fileRef = BA93CD3C2D340D1F00B13D62 /* String+Extensions.swift */; };
/* End PBXBuildFile section */

/* Begin PBXContainerItemProxy section */
		BA93CD462D36F07C00B13D62 /* PBXContainerItemProxy */ = {
			isa = PBXContainerItemProxy;
			containerPortal = BA93CD182D3409E400B13D62 /* Project object */;
			proxyType = 1;
			remoteGlobalIDString = BA93CD1F2D3409E400B13D62;
			remoteInfo = MoviesSwiftUI;
		};
/* End PBXContainerItemProxy section */

/* Begin PBXFileReference section */
		BA93CD202D3409E400B13D62 /* MoviesSwiftUI.app */ = {isa = PBXFileReference; explicitFileType = wrapper.application; includeInIndex = 0; path = MoviesSwiftUI.app; sourceTree = BUILT_PRODUCTS_DIR; };
		BA93CD232D3409E400B13D62 /* MoviesSwiftUIApp.swift */ = {isa = PBXFileReference; lastKnownFileType = sourcecode.swift; path = MoviesSwiftUIApp.swift; sourceTree = "<group>"; };
		BA93CD252D3409E400B13D62 /* ContentView.swift */ = {isa = PBXFileReference; lastKnownFileType = sourcecode.swift; path = ContentView.swift; sourceTree = "<group>"; };
		BA93CD272D3409E600B13D62 /* Assets.xcassets */ = {isa = PBXFileReference; lastKnownFileType = folder.assetcatalog; path = Assets.xcassets; sourceTree = "<group>"; };
		BA93CD2A2D3409E600B13D62 /* Preview Assets.xcassets */ = {isa = PBXFileReference; lastKnownFileType = folder.assetcatalog; path = "Preview Assets.xcassets"; sourceTree = "<group>"; };
		BA93CD372D340A4300B13D62 /* Movie.swift */ = {isa = PBXFileReference; lastKnownFileType = sourcecode.swift; path = Movie.swift; sourceTree = "<group>"; };
		BA93CD392D340A4E00B13D62 /* HTTPClient.swift */ = {isa = PBXFileReference; lastKnownFileType = sourcecode.swift; name = HTTPClient.swift; path = ../Extensions/HTTPClient.swift; sourceTree = "<group>"; };
		BA93CD3C2D340D1F00B13D62 /* String+Extensions.swift */ = {isa = PBXFileReference; lastKnownFileType = sourcecode.swift; path = "String+Extensions.swift"; sourceTree = "<group>"; };
		BA93CD422D36F07C00B13D62 /* MoviesSwiftUITests.xctest */ = {isa = PBXFileReference; explicitFileType = wrapper.cfbundle; includeInIndex = 0; path = MoviesSwiftUITests.xctest; sourceTree = BUILT_PRODUCTS_DIR; };
		BA93CD442D36F07C00B13D62 /* MoviesSwiftUITests.swift */ = {isa = PBXFileReference; lastKnownFileType = sourcecode.swift; path = MoviesSwiftUITests.swift; sourceTree = "<group>"; };
/* End PBXFileReference section */

/* Begin PBXFrameworksBuildPhase section */
		BA93CD1D2D3409E400B13D62 /* Frameworks */ = {
			isa = PBXFrameworksBuildPhase;
			buildActionMask = 2147483647;
			files = (
			);
			runOnlyForDeploymentPostprocessing = 0;
		};
		BA93CD3F2D36F07C00B13D62 /* Frameworks */ = {
			isa = PBXFrameworksBuildPhase;
			buildActionMask = 2147483647;
			files = (
			);
			runOnlyForDeploymentPostprocessing = 0;
		};
/* End PBXFrameworksBuildPhase section */

/* Begin PBXGroup section */
		BA93CD172D3409E400B13D62 = {
			isa = PBXGroup;
			children = (
				BA93CD222D3409E400B13D62 /* MoviesSwiftUI */,
				BA93CD432D36F07C00B13D62 /* MoviesSwiftUITests */,
				BA93CD212D3409E400B13D62 /* Products */,
			);
			sourceTree = "<group>";
		};
		BA93CD212D3409E400B13D62 /* Products */ = {
			isa = PBXGroup;
			children = (
				BA93CD202D3409E400B13D62 /* MoviesSwiftUI.app */,
				BA93CD422D36F07C00B13D62 /* MoviesSwiftUITests.xctest */,
			);
			name = Products;
			sourceTree = "<group>";
		};
		BA93CD222D3409E400B13D62 /* MoviesSwiftUI */ = {
			isa = PBXGroup;
			children = (
				BA93CD342D340A2200B13D62 /* Clients */,
				BA93CD322D3409F800B13D62 /* Models */,
				BA93CD312D3409EF00B13D62 /* Extensions */,
				BA93CD232D3409E400B13D62 /* MoviesSwiftUIApp.swift */,
				BA93CD252D3409E400B13D62 /* ContentView.swift */,
				BA93CD272D3409E600B13D62 /* Assets.xcassets */,
				BA93CD292D3409E600B13D62 /* Preview Content */,
			);
			path = MoviesSwiftUI;
			sourceTree = "<group>";
		};
		BA93CD292D3409E600B13D62 /* Preview Content */ = {
			isa = PBXGroup;
			children = (
				BA93CD2A2D3409E600B13D62 /* Preview Assets.xcassets */,
			);
			path = "Preview Content";
			sourceTree = "<group>";
		};
		BA93CD312D3409EF00B13D62 /* Extensions */ = {
			isa = PBXGroup;
			children = (
				BA93CD3C2D340D1F00B13D62 /* String+Extensions.swift */,
			);
			path = Extensions;
			sourceTree = "<group>";
		};
		BA93CD322D3409F800B13D62 /* Models */ = {
			isa = PBXGroup;
			children = (
				BA93CD372D340A4300B13D62 /* Movie.swift */,
			);
			path = Models;
			sourceTree = "<group>";
		};
		BA93CD342D340A2200B13D62 /* Clients */ = {
			isa = PBXGroup;
			children = (
				BA93CD392D340A4E00B13D62 /* HTTPClient.swift */,
			);
			path = Clients;
			sourceTree = "<group>";
		};
		BA93CD432D36F07C00B13D62 /* MoviesSwiftUITests */ = {
			isa = PBXGroup;
			children = (
				BA93CD442D36F07C00B13D62 /* MoviesSwiftUITests.swift */,
			);
			path = MoviesSwiftUITests;
			sourceTree = "<group>";
		};
/* End PBXGroup section */

/* Begin PBXNativeTarget section */
		BA93CD1F2D3409E400B13D62 /* MoviesSwiftUI */ = {
			isa = PBXNativeTarget;
			buildConfigurationList = BA93CD2E2D3409E600B13D62 /* Build configuration list for PBXNativeTarget "MoviesSwiftUI" */;
			buildPhases = (
				BA93CD1C2D3409E400B13D62 /* Sources */,
				BA93CD1D2D3409E400B13D62 /* Frameworks */,
				BA93CD1E2D3409E400B13D62 /* Resources */,
			);
			buildRules = (
			);
			dependencies = (
			);
			name = MoviesSwiftUI;
			productName = MoviesSwiftUI;
			productReference = BA93CD202D3409E400B13D62 /* MoviesSwiftUI.app */;
			productType = "com.apple.product-type.application";
		};
		BA93CD412D36F07C00B13D62 /* MoviesSwiftUITests */ = {
			isa = PBXNativeTarget;
			buildConfigurationList = BA93CD4A2D36F07C00B13D62 /* Build configuration list for PBXNativeTarget "MoviesSwiftUITests" */;
			buildPhases = (
				BA93CD3E2D36F07C00B13D62 /* Sources */,
				BA93CD3F2D36F07C00B13D62 /* Frameworks */,
				BA93CD402D36F07C00B13D62 /* Resources */,
			);
			buildRules = (
			);
			dependencies = (
				BA93CD472D36F07C00B13D62 /* PBXTargetDependency */,
			);
			name = MoviesSwiftUITests;
			productName = MoviesSwiftUITests;
			productReference = BA93CD422D36F07C00B13D62 /* MoviesSwiftUITests.xctest */;
			productType = "com.apple.product-type.bundle.unit-test";
		};
/* End PBXNativeTarget section */

/* Begin PBXProject section */
		BA93CD182D3409E400B13D62 /* Project object */ = {
			isa = PBXProject;
			attributes = {
				BuildIndependentTargetsInParallel = 1;
				LastSwiftUpdateCheck = 1540;
				LastUpgradeCheck = 1540;
				TargetAttributes = {
					BA93CD1F2D3409E400B13D62 = {
						CreatedOnToolsVersion = 15.4;
					};
					BA93CD412D36F07C00B13D62 = {
						CreatedOnToolsVersion = 15.4;
						TestTargetID = BA93CD1F2D3409E400B13D62;
					};
				};
			};
			buildConfigurationList = BA93CD1B2D3409E400B13D62 /* Build configuration list for PBXProject "MoviesSwiftUI" */;
			compatibilityVersion = "Xcode 14.0";
			developmentRegion = en;
			hasScannedForEncodings = 0;
			knownRegions = (
				en,
				Base,
			);
			mainGroup = BA93CD172D3409E400B13D62;
			productRefGroup = BA93CD212D3409E400B13D62 /* Products */;
			projectDirPath = "";
			projectRoot = "";
			targets = (
				BA93CD1F2D3409E400B13D62 /* MoviesSwiftUI */,
				BA93CD412D36F07C00B13D62 /* MoviesSwiftUITests */,
			);
		};
/* End PBXProject section */

/* Begin PBXResourcesBuildPhase section */
		BA93CD1E2D3409E400B13D62 /* Resources */ = {
			isa = PBXResourcesBuildPhase;
			buildActionMask = 2147483647;
			files = (
				BA93CD2B2D3409E600B13D62 /* Preview Assets.xcassets in Resources */,
				BA93CD282D3409E600B13D62 /* Assets.xcassets in Resources */,
			);
			runOnlyForDeploymentPostprocessing = 0;
		};
		BA93CD402D36F07C00B13D62 /* Resources */ = {
			isa = PBXResourcesBuildPhase;
			buildActionMask = 2147483647;
			files = (
			);
			runOnlyForDeploymentPostprocessing = 0;
		};
/* End PBXResourcesBuildPhase section */

/* Begin PBXSourcesBuildPhase section */
		BA93CD1C2D3409E400B13D62 /* Sources */ = {
			isa = PBXSourcesBuildPhase;
			buildActionMask = 2147483647;
			files = (
				BA93CD3D2D340D1F00B13D62 /* String+Extensions.swift in Sources */,
				BA93CD262D3409E400B13D62 /* ContentView.swift in Sources */,
				BA93CD3A2D340A4E00B13D62 /* HTTPClient.swift in Sources */,
				BA93CD242D3409E400B13D62 /* MoviesSwiftUIApp.swift in Sources */,
				BA93CD382D340A4300B13D62 /* Movie.swift in Sources */,
			);
			runOnlyForDeploymentPostprocessing = 0;
		};
		BA93CD3E2D36F07C00B13D62 /* Sources */ = {
			isa = PBXSourcesBuildPhase;
			buildActionMask = 2147483647;
			files = (
				BA93CD4D2D36F0D500B13D62 /* String+Extensions.swift in Sources */,
				BA93CD4B2D36F0CB00B13D62 /* HTTPClient.swift in Sources */,
				BA93CD452D36F07C00B13D62 /* MoviesSwiftUITests.swift in Sources */,
				BA93CD4C2D36F0D100B13D62 /* Movie.swift in Sources */,
			);
			runOnlyForDeploymentPostprocessing = 0;
		};
/* End PBXSourcesBuildPhase section */

/* Begin PBXTargetDependency section */
		BA93CD472D36F07C00B13D62 /* PBXTargetDependency */ = {
			isa = PBXTargetDependency;
			target = BA93CD1F2D3409E400B13D62 /* MoviesSwiftUI */;
			targetProxy = BA93CD462D36F07C00B13D62 /* PBXContainerItemProxy */;
		};
/* End PBXTargetDependency section */

/* Begin XCBuildConfiguration section */
		BA93CD2C2D3409E600B13D62 /* Debug */ = {
			isa = XCBuildConfiguration;
			buildSettings = {
				ALWAYS_SEARCH_USER_PATHS = NO;
				ASSETCATALOG_COMPILER_GENERATE_SWIFT_ASSET_SYMBOL_EXTENSIONS = YES;
				CLANG_ANALYZER_NONNULL = YES;
				CLANG_ANALYZER_NUMBER_OBJECT_CONVERSION = YES_AGGRESSIVE;
				CLANG_CXX_LANGUAGE_STANDARD = "gnu++20";
				CLANG_ENABLE_MODULES = YES;
				CLANG_ENABLE_OBJC_ARC = YES;
				CLANG_ENABLE_OBJC_WEAK = YES;
				CLANG_WARN_BLOCK_CAPTURE_AUTORELEASING = YES;
				CLANG_WARN_BOOL_CONVERSION = YES;
				CLANG_WARN_COMMA = YES;
				CLANG_WARN_CONSTANT_CONVERSION = YES;
				CLANG_WARN_DEPRECATED_OBJC_IMPLEMENTATIONS = YES;
				CLANG_WARN_DIRECT_OBJC_ISA_USAGE = YES_ERROR;
				CLANG_WARN_DOCUMENTATION_COMMENTS = YES;
				CLANG_WARN_EMPTY_BODY = YES;
				CLANG_WARN_ENUM_CONVERSION = YES;
				CLANG_WARN_INFINITE_RECURSION = YES;
				CLANG_WARN_INT_CONVERSION = YES;
				CLANG_WARN_NON_LITERAL_NULL_CONVERSION = YES;
				CLANG_WARN_OBJC_IMPLICIT_RETAIN_SELF = YES;
				CLANG_WARN_OBJC_LITERAL_CONVERSION = YES;
				CLANG_WARN_OBJC_ROOT_CLASS = YES_ERROR;
				CLANG_WARN_QUOTED_INCLUDE_IN_FRAMEWORK_HEADER = YES;
				CLANG_WARN_RANGE_LOOP_ANALYSIS = YES;
				CLANG_WARN_STRICT_PROTOTYPES = YES;
				CLANG_WARN_SUSPICIOUS_MOVE = YES;
				CLANG_WARN_UNGUARDED_AVAILABILITY = YES_AGGRESSIVE;
				CLANG_WARN_UNREACHABLE_CODE = YES;
				CLANG_WARN__DUPLICATE_METHOD_MATCH = YES;
				COPY_PHASE_STRIP = NO;
				DEBUG_INFORMATION_FORMAT = dwarf;
				ENABLE_STRICT_OBJC_MSGSEND = YES;
				ENABLE_TESTABILITY = YES;
				ENABLE_USER_SCRIPT_SANDBOXING = YES;
				GCC_C_LANGUAGE_STANDARD = gnu17;
				GCC_DYNAMIC_NO_PIC = NO;
				GCC_NO_COMMON_BLOCKS = YES;
				GCC_OPTIMIZATION_LEVEL = 0;
				GCC_PREPROCESSOR_DEFINITIONS = (
					"DEBUG=1",
					"$(inherited)",
				);
				GCC_WARN_64_TO_32_BIT_CONVERSION = YES;
				GCC_WARN_ABOUT_RETURN_TYPE = YES_ERROR;
				GCC_WARN_UNDECLARED_SELECTOR = YES;
				GCC_WARN_UNINITIALIZED_AUTOS = YES_AGGRESSIVE;
				GCC_WARN_UNUSED_FUNCTION = YES;
				GCC_WARN_UNUSED_VARIABLE = YES;
				IPHONEOS_DEPLOYMENT_TARGET = 17.5;
				LOCALIZATION_PREFERS_STRING_CATALOGS = YES;
				MTL_ENABLE_DEBUG_INFO = INCLUDE_SOURCE;
				MTL_FAST_MATH = YES;
				ONLY_ACTIVE_ARCH = YES;
				SDKROOT = iphoneos;
				SWIFT_ACTIVE_COMPILATION_CONDITIONS = "DEBUG $(inherited)";
				SWIFT_OPTIMIZATION_LEVEL = "-Onone";
			};
			name = Debug;
		};
		BA93CD2D2D3409E600B13D62 /* Release */ = {
			isa = XCBuildConfiguration;
			buildSettings = {
				ALWAYS_SEARCH_USER_PATHS = NO;
				ASSETCATALOG_COMPILER_GENERATE_SWIFT_ASSET_SYMBOL_EXTENSIONS = YES;
				CLANG_ANALYZER_NONNULL = YES;
				CLANG_ANALYZER_NUMBER_OBJECT_CONVERSION = YES_AGGRESSIVE;
				CLANG_CXX_LANGUAGE_STANDARD = "gnu++20";
				CLANG_ENABLE_MODULES = YES;
				CLANG_ENABLE_OBJC_ARC = YES;
				CLANG_ENABLE_OBJC_WEAK = YES;
				CLANG_WARN_BLOCK_CAPTURE_AUTORELEASING = YES;
				CLANG_WARN_BOOL_CONVERSION = YES;
				CLANG_WARN_COMMA = YES;
				CLANG_WARN_CONSTANT_CONVERSION = YES;
				CLANG_WARN_DEPRECATED_OBJC_IMPLEMENTATIONS = YES;
				CLANG_WARN_DIRECT_OBJC_ISA_USAGE = YES_ERROR;
				CLANG_WARN_DOCUMENTATION_COMMENTS = YES;
				CLANG_WARN_EMPTY_BODY = YES;
				CLANG_WARN_ENUM_CONVERSION = YES;
				CLANG_WARN_INFINITE_RECURSION = YES;
				CLANG_WARN_INT_CONVERSION = YES;
				CLANG_WARN_NON_LITERAL_NULL_CONVERSION = YES;
				CLANG_WARN_OBJC_IMPLICIT_RETAIN_SELF = YES;
				CLANG_WARN_OBJC_LITERAL_CONVERSION = YES;
				CLANG_WARN_OBJC_ROOT_CLASS = YES_ERROR;
				CLANG_WARN_QUOTED_INCLUDE_IN_FRAMEWORK_HEADER = YES;
				CLANG_WARN_RANGE_LOOP_ANALYSIS = YES;
				CLANG_WARN_STRICT_PROTOTYPES = YES;
				CLANG_WARN_SUSPICIOUS_MOVE = YES;
				CLANG_WARN_UNGUARDED_AVAILABILITY = YES_AGGRESSIVE;
				CLANG_WARN_UNREACHABLE_CODE = YES;
				CLANG_WARN__DUPLICATE_METHOD_MATCH = YES;
				COPY_PHASE_STRIP = NO;
				DEBUG_INFORMATION_FORMAT = "dwarf-with-dsym";
				ENABLE_NS_ASSERTIONS = NO;
				ENABLE_STRICT_OBJC_MSGSEND = YES;
				ENABLE_USER_SCRIPT_SANDBOXING = YES;
				GCC_C_LANGUAGE_STANDARD = gnu17;
				GCC_NO_COMMON_BLOCKS = YES;
				GCC_WARN_64_TO_32_BIT_CONVERSION = YES;
				GCC_WARN_ABOUT_RETURN_TYPE = YES_ERROR;
				GCC_WARN_UNDECLARED_SELECTOR = YES;
				GCC_WARN_UNINITIALIZED_AUTOS = YES_AGGRESSIVE;
				GCC_WARN_UNUSED_FUNCTION = YES;
				GCC_WARN_UNUSED_VARIABLE = YES;
				IPHONEOS_DEPLOYMENT_TARGET = 17.5;
				LOCALIZATION_PREFERS_STRING_CATALOGS = YES;
				MTL_ENABLE_DEBUG_INFO = NO;
				MTL_FAST_MATH = YES;
				SDKROOT = iphoneos;
				SWIFT_COMPILATION_MODE = wholemodule;
				VALIDATE_PRODUCT = YES;
			};
			name = Release;
		};
		BA93CD2F2D3409E600B13D62 /* Debug */ = {
			isa = XCBuildConfiguration;
			buildSettings = {
				ASSETCATALOG_COMPILER_APPICON_NAME = AppIcon;
				ASSETCATALOG_COMPILER_GLOBAL_ACCENT_COLOR_NAME = AccentColor;
				CODE_SIGN_STYLE = Automatic;
				CURRENT_PROJECT_VERSION = 1;
				DEVELOPMENT_ASSET_PATHS = "\"MoviesSwiftUI/Preview Content\"";
				DEVELOPMENT_TEAM = GBG9JBG969;
				ENABLE_PREVIEWS = YES;
				GENERATE_INFOPLIST_FILE = YES;
				INFOPLIST_KEY_UIApplicationSceneManifest_Generation = YES;
				INFOPLIST_KEY_UIApplicationSupportsIndirectInputEvents = YES;
				INFOPLIST_KEY_UILaunchScreen_Generation = YES;
				INFOPLIST_KEY_UISupportedInterfaceOrientations_iPad = "UIInterfaceOrientationPortrait UIInterfaceOrientationPortraitUpsideDown UIInterfaceOrientationLandscapeLeft UIInterfaceOrientationLandscapeRight";
				INFOPLIST_KEY_UISupportedInterfaceOrientations_iPhone = "UIInterfaceOrientationPortrait UIInterfaceOrientationLandscapeLeft UIInterfaceOrientationLandscapeRight";
				LD_RUNPATH_SEARCH_PATHS = (
					"$(inherited)",
					"@executable_path/Frameworks",
				);
				MARKETING_VERSION = 1.0;
				PRODUCT_BUNDLE_IDENTIFIER = com.KevinPerez.MoviesSwiftUI;
				PRODUCT_NAME = "$(TARGET_NAME)";
				SWIFT_EMIT_LOC_STRINGS = YES;
				SWIFT_VERSION = 5.0;
				TARGETED_DEVICE_FAMILY = "1,2";
			};
			name = Debug;
		};
		BA93CD302D3409E600B13D62 /* Release */ = {
			isa = XCBuildConfiguration;
			buildSettings = {
				ASSETCATALOG_COMPILER_APPICON_NAME = AppIcon;
				ASSETCATALOG_COMPILER_GLOBAL_ACCENT_COLOR_NAME = AccentColor;
				CODE_SIGN_STYLE = Automatic;
				CURRENT_PROJECT_VERSION = 1;
				DEVELOPMENT_ASSET_PATHS = "\"MoviesSwiftUI/Preview Content\"";
				DEVELOPMENT_TEAM = GBG9JBG969;
				ENABLE_PREVIEWS = YES;
				GENERATE_INFOPLIST_FILE = YES;
				INFOPLIST_KEY_UIApplicationSceneManifest_Generation = YES;
				INFOPLIST_KEY_UIApplicationSupportsIndirectInputEvents = YES;
				INFOPLIST_KEY_UILaunchScreen_Generation = YES;
				INFOPLIST_KEY_UISupportedInterfaceOrientations_iPad = "UIInterfaceOrientationPortrait UIInterfaceOrientationPortraitUpsideDown UIInterfaceOrientationLandscapeLeft UIInterfaceOrientationLandscapeRight";
				INFOPLIST_KEY_UISupportedInterfaceOrientations_iPhone = "UIInterfaceOrientationPortrait UIInterfaceOrientationLandscapeLeft UIInterfaceOrientationLandscapeRight";
				LD_RUNPATH_SEARCH_PATHS = (
					"$(inherited)",
					"@executable_path/Frameworks",
				);
				MARKETING_VERSION = 1.0;
				PRODUCT_BUNDLE_IDENTIFIER = com.KevinPerez.MoviesSwiftUI;
				PRODUCT_NAME = "$(TARGET_NAME)";
				SWIFT_EMIT_LOC_STRINGS = YES;
				SWIFT_VERSION = 5.0;
				TARGETED_DEVICE_FAMILY = "1,2";
			};
			name = Release;
		};
		BA93CD482D36F07C00B13D62 /* Debug */ = {
			isa = XCBuildConfiguration;
			buildSettings = {
				BUNDLE_LOADER = "$(TEST_HOST)";
				CODE_SIGN_STYLE = Automatic;
				CURRENT_PROJECT_VERSION = 1;
				DEVELOPMENT_TEAM = GBG9JBG969;
				GENERATE_INFOPLIST_FILE = YES;
				MARKETING_VERSION = 1.0;
				PRODUCT_BUNDLE_IDENTIFIER = com.KevinPerez.MoviesSwiftUITests;
				PRODUCT_NAME = "$(TARGET_NAME)";
				SWIFT_EMIT_LOC_STRINGS = NO;
				SWIFT_VERSION = 5.0;
				TARGETED_DEVICE_FAMILY = "1,2";
				TEST_HOST = "$(BUILT_PRODUCTS_DIR)/MoviesSwiftUI.app/$(BUNDLE_EXECUTABLE_FOLDER_PATH)/MoviesSwiftUI";
			};
			name = Debug;
		};
		BA93CD492D36F07C00B13D62 /* Release */ = {
			isa = XCBuildConfiguration;
			buildSettings = {
				BUNDLE_LOADER = "$(TEST_HOST)";
				CODE_SIGN_STYLE = Automatic;
				CURRENT_PROJECT_VERSION = 1;
				DEVELOPMENT_TEAM = GBG9JBG969;
				GENERATE_INFOPLIST_FILE = YES;
				MARKETING_VERSION = 1.0;
				PRODUCT_BUNDLE_IDENTIFIER = com.KevinPerez.MoviesSwiftUITests;
				PRODUCT_NAME = "$(TARGET_NAME)";
				SWIFT_EMIT_LOC_STRINGS = NO;
				SWIFT_VERSION = 5.0;
				TARGETED_DEVICE_FAMILY = "1,2";
				TEST_HOST = "$(BUILT_PRODUCTS_DIR)/MoviesSwiftUI.app/$(BUNDLE_EXECUTABLE_FOLDER_PATH)/MoviesSwiftUI";
			};
			name = Release;
		};
/* End XCBuildConfiguration section */

/* Begin XCConfigurationList section */
		BA93CD1B2D3409E400B13D62 /* Build configuration list for PBXProject "MoviesSwiftUI" */ = {
			isa = XCConfigurationList;
			buildConfigurations = (
				BA93CD2C2D3409E600B13D62 /* Debug */,
				BA93CD2D2D3409E600B13D62 /* Release */,
			);
			defaultConfigurationIsVisible = 0;
			defaultConfigurationName = Release;
		};
		BA93CD2E2D3409E600B13D62 /* Build configuration list for PBXNativeTarget "MoviesSwiftUI" */ = {
			isa = XCConfigurationList;
			buildConfigurations = (
				BA93CD2F2D3409E600B13D62 /* Debug */,
				BA93CD302D3409E600B13D62 /* Release */,
			);
			defaultConfigurationIsVisible = 0;
			defaultConfigurationName = Release;
		};
		BA93CD4A2D36F07C00B13D62 /* Build configuration list for PBXNativeTarget "MoviesSwiftUITests" */ = {
			isa = XCConfigurationList;
			buildConfigurations = (
				BA93CD482D36F07C00B13D62 /* Debug */,
				BA93CD492D36F07C00B13D62 /* Release */,
			);
			defaultConfigurationIsVisible = 0;
			defaultConfigurationName = Release;
		};
/* End XCConfigurationList section */
	};
	rootObject = BA93CD182D3409E400B13D62 /* Project object */;
}
